
Microsoft Visual Studio Solution File, Format Version 12.00
# Visual Studio Version 17
VisualStudioVersion = 17.7.34031.279
MinimumVisualStudioVersion = 10.0.40219.1
Project("{FAE04EC0-301F-11D3-BF4B-00C04F79EFBC}") = "QuanLyThuVienApp", "QuanLyThuVienApp\QuanLyThuVienApp.csproj", "{F00DE5F0-6774-4EAD-823B-2976CEC8D013}"
EndProject
Global
	GlobalSection(SolutionConfigurationPlatforms) = preSolution
		Debug|Any CPU = Debug|Any CPU
		Release|Any CPU = Release|Any CPU
	EndGlobalSection
	GlobalSection(ProjectConfigurationPlatforms) = postSolution
		{F00DE5F0-6774-4EAD-823B-2976CEC8D013}.Debug|Any CPU.ActiveCfg = Debug|Any CPU
		{F00DE5F0-6774-4EAD-823B-2976CEC8D013}.Debug|Any CPU.Build.0 = Debug|Any CPU
		{F00DE5F0-6774-4EAD-823B-2976CEC8D013}.Release|Any CPU.ActiveCfg = Release|Any CPU
		{F00DE5F0-6774-4EAD-823B-2976CEC8D013}.Release|Any CPU.Build.0 = Release|Any CPU
	EndGlobalSection
	GlobalSection(SolutionProperties) = preSolution
		HideSolutionNode = FALSE
	EndGlobalSection
	GlobalSection(ExtensibilityGlobals) = postSolution
		SolutionGuid = {BF117004-085D-4E91-99C3-B0F7937CDAD0}
	EndGlobalSection
EndGlobal
